<Solution>
  <Folder Name="/Database/">
    <Project Path="EaatAPI/EaatAPI.csproj" />
  </Folder>
  <Folder Name="/Klienter/">
    <Project Path="BudKlient/BudKlient.csproj" Id="91808afb-deb4-41d5-89b2-52e4f7a90dee" />
    <Project Path="KundeKlient/KundeKlient.csproj" />
    <Project Path="RestaurantGUI/RestaurantGUI.csproj" Id="85fd779d-b32b-421e-b8ba-02a46a188b5a" />
  </Folder>
  <Project Path="GlobalModels/Global.csproj" />
</Solution>